
Microsoft Visual Studio Solution File, Format Version 12.00
# Visual Studio Version 17
VisualStudioVersion = 17.0.32014.148
MinimumVisualStudioVersion = 10.0.40219.1
Project("{FAE04EC0-301F-11D3-BF4B-00C04F79EFBC}") = "NBP_app", "NBP_app\NBP_app.csproj", "{5D8FD6D3-C1E9-4817-8EF1-C361C1557C3F}"
EndProject
Global
	GlobalSection(SolutionConfigurationPlatforms) = preSolution
		Debug|Any CPU = Debug|Any CPU
		Release|Any CPU = Release|Any CPU
	EndGlobalSection
	GlobalSection(ProjectConfigurationPlatforms) = postSolution
		{5D8FD6D3-C1E9-4817-8EF1-C361C1557C3F}.Debug|Any CPU.ActiveCfg = Debug|Any CPU
		{5D8FD6D3-C1E9-4817-8EF1-C361C1557C3F}.Debug|Any CPU.Build.0 = Debug|Any CPU
		{5D8FD6D3-C1E9-4817-8EF1-C361C1557C3F}.Release|Any CPU.ActiveCfg = Release|Any CPU
		{5D8FD6D3-C1E9-4817-8EF1-C361C1557C3F}.Release|Any CPU.Build.0 = Release|Any CPU
	EndGlobalSection
	GlobalSection(SolutionProperties) = preSolution
		HideSolutionNode = FALSE
	EndGlobalSection
	GlobalSection(ExtensibilityGlobals) = postSolution
		SolutionGuid = {4D1BA54B-7D2F-452D-8C0A-4E976702E0CD}
	EndGlobalSection
EndGlobal
